
Microsoft Visual Studio Solution File, Format Version 12.00
# Visual Studio Version 17
VisualStudioVersion = 17.2.32630.192
MinimumVisualStudioVersion = 10.0.40219.1
Project("{FAE04EC0-301F-11D3-BF4B-00C04F79EFBC}") = "RabbitMqProdutorAPI", "RabbitMqProdutorAPI\RabbitMqProdutorAPI.csproj", "{AEA6143C-DD86-43DA-AF36-35157BF794E0}"
EndProject
Global
	GlobalSection(SolutionConfigurationPlatforms) = preSolution
		Debug|Any CPU = Debug|Any CPU
		Release|Any CPU = Release|Any CPU
	EndGlobalSection
	GlobalSection(ProjectConfigurationPlatforms) = postSolution
		{AEA6143C-DD86-43DA-AF36-35157BF794E0}.Debug|Any CPU.ActiveCfg = Debug|Any CPU
		{AEA6143C-DD86-43DA-AF36-35157BF794E0}.Debug|Any CPU.Build.0 = Debug|Any CPU
		{AEA6143C-DD86-43DA-AF36-35157BF794E0}.Release|Any CPU.ActiveCfg = Release|Any CPU
		{AEA6143C-DD86-43DA-AF36-35157BF794E0}.Release|Any CPU.Build.0 = Release|Any CPU
	EndGlobalSection
	GlobalSection(SolutionProperties) = preSolution
		HideSolutionNode = FALSE
	EndGlobalSection
	GlobalSection(ExtensibilityGlobals) = postSolution
		SolutionGuid = {2411F77E-560E-447A-91AB-3428C246AFD5}
	EndGlobalSection
EndGlobal
